
Microsoft Visual Studio Solution File, Format Version 12.00
# Visual Studio Version 17
VisualStudioVersion = 17.9.34723.18
MinimumVisualStudioVersion = 10.0.40219.1
Project("{888888A0-9F3D-457C-B088-3A5042F75D52}") = "invader-game", "PythonApplication2\invader-game.pyproj", "{C0030564-0BBD-44F9-9F46-F61BFA81A111}"
EndProject
Global
	GlobalSection(SolutionConfigurationPlatforms) = preSolution
		Debug|Any CPU = Debug|Any CPU
		Release|Any CPU = Release|Any CPU
	EndGlobalSection
	GlobalSection(ProjectConfigurationPlatforms) = postSolution
		{C0030564-0BBD-44F9-9F46-F61BFA81A111}.Debug|Any CPU.ActiveCfg = Debug|Any CPU
		{C0030564-0BBD-44F9-9F46-F61BFA81A111}.Release|Any CPU.ActiveCfg = Release|Any CPU
	EndGlobalSection
	GlobalSection(SolutionProperties) = preSolution
		HideSolutionNode = FALSE
	EndGlobalSection
	GlobalSection(ExtensibilityGlobals) = postSolution
		SolutionGuid = {64C19650-C6D0-4F66-8166-4F1E0E7BB075}
	EndGlobalSection
EndGlobal
